{
  "name": "labwhere",
  "lockfileVersion": 2,
  "requires": true,
  "packages": {
    "": {
      "dependencies": {
        "codemirror": "^5.65.18"
      }
    },
    "node_modules/codemirror": {
      "version": "5.65.18",
      "resolved": "https://registry.npmjs.org/codemirror/-/codemirror-5.65.18.tgz",
      "integrity": "sha512-Gaz4gHnkbHMGgahNt3CA5HBk5lLQBqmD/pBgeB4kQU6OedZmqMBjlRF0LSrp2tJ4wlLNPm2FfaUd1pDy0mdlpA==",
      "license": "MIT"
    }
  },
  "dependencies": {
    "codemirror": {
      "version": "5.65.18",
      "resolved": "https://registry.npmjs.org/codemirror/-/codemirror-5.65.18.tgz",
      "integrity": "sha512-Gaz4gHnkbHMGgahNt3CA5HBk5lLQBqmD/pBgeB4kQU6OedZmqMBjlRF0LSrp2tJ4wlLNPm2FfaUd1pDy0mdlpA=="
    }
  }
}
