{
  "name": "labwhere",
  "lockfileVersion": 2,
  "requires": true,
  "packages": {
    "": {
      "dependencies": {
        "codemirror": "^5.65.9"
      }
    },
    "node_modules/codemirror": {
      "version": "5.65.9",
      "resolved": "https://registry.npmjs.org/codemirror/-/codemirror-5.65.9.tgz",
      "integrity": "sha512-19Jox5sAKpusTDgqgKB5dawPpQcY+ipQK7xoEI+MVucEF9qqFaXpeqY1KaoyGBso/wHQoDa4HMMxMjdsS3Zzzw=="
    }
  },
  "dependencies": {
    "codemirror": {
      "version": "5.65.9",
      "resolved": "https://registry.npmjs.org/codemirror/-/codemirror-5.65.9.tgz",
      "integrity": "sha512-19Jox5sAKpusTDgqgKB5dawPpQcY+ipQK7xoEI+MVucEF9qqFaXpeqY1KaoyGBso/wHQoDa4HMMxMjdsS3Zzzw=="
    }
  }
}
