# THIS IS AN AUTOGENERATED FILE. DO NOT EDIT THIS FILE DIRECTLY.
# yarn lockfile v1


"codemirror@^5.65.9":
  "integrity" "sha512-19Jox5sAKpusTDgqgKB5dawPpQcY+ipQK7xoEI+MVucEF9qqFaXpeqY1KaoyGBso/wHQoDa4HMMxMjdsS3Zzzw=="
  "resolved" "https://registry.npmjs.org/codemirror/-/codemirror-5.65.9.tgz"
  "version" "5.65.9"
