# THIS IS AN AUTOGENERATED FILE. DO NOT EDIT THIS FILE DIRECTLY.
# yarn lockfile v1


"codemirror@^5.65.2":
  "integrity" "sha512-SZM4Zq7XEC8Fhroqe3LxbEEX1zUPWH1wMr5zxiBuiUF64iYOUH/JI88v4tBag8MiBS8B8gRv8O1pPXGYXQ4ErA=="
  "resolved" "https://registry.npmjs.org/codemirror/-/codemirror-5.65.2.tgz"
  "version" "5.65.2"
