# THIS IS AN AUTOGENERATED FILE. DO NOT EDIT THIS FILE DIRECTLY.
# yarn lockfile v1


codemirror@^5.65.2:
  version "5.65.2"
  resolved "https://registry.yarnpkg.com/codemirror/-/codemirror-5.65.2.tgz#5799a70cb3d706e10f60e267245e3a75205d3dd9"
  integrity sha512-SZM4Zq7XEC8Fhroqe3LxbEEX1zUPWH1wMr5zxiBuiUF64iYOUH/JI88v4tBag8MiBS8B8gRv8O1pPXGYXQ4ErA==
